
Microsoft Visual Studio Solution File, Format Version 11.00
# Visual Studio 2010
Project("{FAE04EC0-301F-11D3-BF4B-00C04F79EFBC}") = "SampleApp", "SampleApp\SampleApp.csproj", "{71986C22-64BF-4F46-A23A-C40FA72B2815}"
EndProject
Project("{FAE04EC0-301F-11D3-BF4B-00C04F79EFBC}") = "NotFoundMvc", "..\src\NotFoundMvc\NotFoundMvc.csproj", "{3D01830A-45E9-471A-B8A4-E15BA1B26E33}"
EndProject
Global
	GlobalSection(SolutionConfigurationPlatforms) = preSolution
		Debug|Any CPU = Debug|Any CPU
		Release|Any CPU = Release|Any CPU
	EndGlobalSection
	GlobalSection(ProjectConfigurationPlatforms) = postSolution
		{71986C22-64BF-4F46-A23A-C40FA72B2815}.Debug|Any CPU.ActiveCfg = Debug|Any CPU
		{71986C22-64BF-4F46-A23A-C40FA72B2815}.Debug|Any CPU.Build.0 = Debug|Any CPU
		{71986C22-64BF-4F46-A23A-C40FA72B2815}.Release|Any CPU.ActiveCfg = Release|Any CPU
		{71986C22-64BF-4F46-A23A-C40FA72B2815}.Release|Any CPU.Build.0 = Release|Any CPU
		{3D01830A-45E9-471A-B8A4-E15BA1B26E33}.Debug|Any CPU.ActiveCfg = Debug|Any CPU
		{3D01830A-45E9-471A-B8A4-E15BA1B26E33}.Debug|Any CPU.Build.0 = Debug|Any CPU
		{3D01830A-45E9-471A-B8A4-E15BA1B26E33}.Release|Any CPU.ActiveCfg = Release|Any CPU
		{3D01830A-45E9-471A-B8A4-E15BA1B26E33}.Release|Any CPU.Build.0 = Release|Any CPU
	EndGlobalSection
	GlobalSection(SolutionProperties) = preSolution
		HideSolutionNode = FALSE
	EndGlobalSection
EndGlobal
